
Microsoft Visual Studio Solution File, Format Version 12.00
# Visual Studio Version 16
VisualStudioVersion = 16.0.30310.162
MinimumVisualStudioVersion = 10.0.40219.1
Project("{2150E333-8FDC-42A3-9474-1A3956D46DE8}") = "src", "src", "{B944A01B-E84D-484E-96A2-29FA329EED2D}"
EndProject
Project("{2150E333-8FDC-42A3-9474-1A3956D46DE8}") = "Services", "Services", "{25AA4DE6-F28D-458B-BBBA-F21AE6C2C2A8}"
EndProject
Project("{2150E333-8FDC-42A3-9474-1A3956D46DE8}") = "Customer", "Customer", "{36729B26-141D-40A0-88C9-00DBBB508BBC}"
EndProject
Project("{2150E333-8FDC-42A3-9474-1A3956D46DE8}") = "Restaurant", "Restaurant", "{46521DA0-AF18-47BA-93E2-03F1B0402D87}"
EndProject
Project("{2150E333-8FDC-42A3-9474-1A3956D46DE8}") = "Ordering", "Ordering", "{9587BD6C-EDEF-4AC5-98C6-DA8D6C4001B5}"
EndProject
Project("{2150E333-8FDC-42A3-9474-1A3956D46DE8}") = "Kitchen", "Kitchen", "{D4F789C0-2823-44CC-A9FD-F6E32D0CDBED}"
EndProject
Project("{9A19103F-16F7-4668-BE54-9A1E7A4F7556}") = "Customer.API", "src\Services\Customer\Customer.API\Customer.API.csproj", "{7E7931A4-59AB-4D09-BB20-C579F8B389A4}"
EndProject
Project("{9A19103F-16F7-4668-BE54-9A1E7A4F7556}") = "Kitchen.API", "src\Services\Kitchen\Kitchen.API\Kitchen.API.csproj", "{757B55F0-952B-457D-886E-6D8F4C5A1221}"
EndProject
Project("{9A19103F-16F7-4668-BE54-9A1E7A4F7556}") = "Ordering.API", "src\Services\Ordering\Ordering.API\Ordering.API.csproj", "{8EEE9716-0BD8-40C3-A72B-CAF2402634E8}"
EndProject
Project("{9A19103F-16F7-4668-BE54-9A1E7A4F7556}") = "Restaurant.API", "src\Services\Restaurant\Restaurant.API\Restaurant.API.csproj", "{AD679D3D-A5F2-4940-8409-CB736A42B562}"
EndProject
Project("{2150E333-8FDC-42A3-9474-1A3956D46DE8}") = "Tests", "Tests", "{E1BE42FD-F6DD-4523-91BB-C8EB7C36D66F}"
EndProject
Project("{9A19103F-16F7-4668-BE54-9A1E7A4F7556}") = "Customer.FunctionalTests", "src\Services\Customer\Customer.FunctionalTests\Customer.FunctionalTests.csproj", "{B1642994-8D56-4D04-B2C5-A2BA9C29206B}"
EndProject
Project("{9A19103F-16F7-4668-BE54-9A1E7A4F7556}") = "Customer.UnitTest", "src\Services\Customer\Customer.UnitTest\Customer.UnitTest.csproj", "{E9C77F47-B195-4C28-BF3D-B673A0E698AB}"
EndProject
Project("{2150E333-8FDC-42A3-9474-1A3956D46DE8}") = "BuildingBlocks", "BuildingBlocks", "{B857D9C5-B36F-4A40-8602-3B581B469BFF}"
EndProject
Project("{9A19103F-16F7-4668-BE54-9A1E7A4F7556}") = "WebHostCustomization", "src\BuildingBlocks\WebHostCustomization\WebHostCustomization\WebHostCustomization.csproj", "{EAD76E02-8FE0-4E56-8536-8AE1AD205956}"
EndProject
Global
	GlobalSection(SolutionConfigurationPlatforms) = preSolution
		Debug|Any CPU = Debug|Any CPU
		Release|Any CPU = Release|Any CPU
	EndGlobalSection
	GlobalSection(ProjectConfigurationPlatforms) = postSolution
		{7E7931A4-59AB-4D09-BB20-C579F8B389A4}.Debug|Any CPU.ActiveCfg = Debug|Any CPU
		{7E7931A4-59AB-4D09-BB20-C579F8B389A4}.Debug|Any CPU.Build.0 = Debug|Any CPU
		{7E7931A4-59AB-4D09-BB20-C579F8B389A4}.Release|Any CPU.ActiveCfg = Release|Any CPU
		{7E7931A4-59AB-4D09-BB20-C579F8B389A4}.Release|Any CPU.Build.0 = Release|Any CPU
		{757B55F0-952B-457D-886E-6D8F4C5A1221}.Debug|Any CPU.ActiveCfg = Debug|Any CPU
		{757B55F0-952B-457D-886E-6D8F4C5A1221}.Debug|Any CPU.Build.0 = Debug|Any CPU
		{757B55F0-952B-457D-886E-6D8F4C5A1221}.Release|Any CPU.ActiveCfg = Release|Any CPU
		{757B55F0-952B-457D-886E-6D8F4C5A1221}.Release|Any CPU.Build.0 = Release|Any CPU
		{8EEE9716-0BD8-40C3-A72B-CAF2402634E8}.Debug|Any CPU.ActiveCfg = Debug|Any CPU
		{8EEE9716-0BD8-40C3-A72B-CAF2402634E8}.Debug|Any CPU.Build.0 = Debug|Any CPU
		{8EEE9716-0BD8-40C3-A72B-CAF2402634E8}.Release|Any CPU.ActiveCfg = Release|Any CPU
		{8EEE9716-0BD8-40C3-A72B-CAF2402634E8}.Release|Any CPU.Build.0 = Release|Any CPU
		{AD679D3D-A5F2-4940-8409-CB736A42B562}.Debug|Any CPU.ActiveCfg = Debug|Any CPU
		{AD679D3D-A5F2-4940-8409-CB736A42B562}.Debug|Any CPU.Build.0 = Debug|Any CPU
		{AD679D3D-A5F2-4940-8409-CB736A42B562}.Release|Any CPU.ActiveCfg = Release|Any CPU
		{AD679D3D-A5F2-4940-8409-CB736A42B562}.Release|Any CPU.Build.0 = Release|Any CPU
		{B1642994-8D56-4D04-B2C5-A2BA9C29206B}.Debug|Any CPU.ActiveCfg = Debug|Any CPU
		{B1642994-8D56-4D04-B2C5-A2BA9C29206B}.Debug|Any CPU.Build.0 = Debug|Any CPU
		{B1642994-8D56-4D04-B2C5-A2BA9C29206B}.Release|Any CPU.ActiveCfg = Release|Any CPU
		{B1642994-8D56-4D04-B2C5-A2BA9C29206B}.Release|Any CPU.Build.0 = Release|Any CPU
		{E9C77F47-B195-4C28-BF3D-B673A0E698AB}.Debug|Any CPU.ActiveCfg = Debug|Any CPU
		{E9C77F47-B195-4C28-BF3D-B673A0E698AB}.Debug|Any CPU.Build.0 = Debug|Any CPU
		{E9C77F47-B195-4C28-BF3D-B673A0E698AB}.Release|Any CPU.ActiveCfg = Release|Any CPU
		{E9C77F47-B195-4C28-BF3D-B673A0E698AB}.Release|Any CPU.Build.0 = Release|Any CPU
		{EAD76E02-8FE0-4E56-8536-8AE1AD205956}.Debug|Any CPU.ActiveCfg = Debug|Any CPU
		{EAD76E02-8FE0-4E56-8536-8AE1AD205956}.Debug|Any CPU.Build.0 = Debug|Any CPU
		{EAD76E02-8FE0-4E56-8536-8AE1AD205956}.Release|Any CPU.ActiveCfg = Release|Any CPU
		{EAD76E02-8FE0-4E56-8536-8AE1AD205956}.Release|Any CPU.Build.0 = Release|Any CPU
	EndGlobalSection
	GlobalSection(SolutionProperties) = preSolution
		HideSolutionNode = FALSE
	EndGlobalSection
	GlobalSection(NestedProjects) = preSolution
		{25AA4DE6-F28D-458B-BBBA-F21AE6C2C2A8} = {B944A01B-E84D-484E-96A2-29FA329EED2D}
		{36729B26-141D-40A0-88C9-00DBBB508BBC} = {25AA4DE6-F28D-458B-BBBA-F21AE6C2C2A8}
		{46521DA0-AF18-47BA-93E2-03F1B0402D87} = {25AA4DE6-F28D-458B-BBBA-F21AE6C2C2A8}
		{9587BD6C-EDEF-4AC5-98C6-DA8D6C4001B5} = {25AA4DE6-F28D-458B-BBBA-F21AE6C2C2A8}
		{D4F789C0-2823-44CC-A9FD-F6E32D0CDBED} = {25AA4DE6-F28D-458B-BBBA-F21AE6C2C2A8}
		{7E7931A4-59AB-4D09-BB20-C579F8B389A4} = {36729B26-141D-40A0-88C9-00DBBB508BBC}
		{757B55F0-952B-457D-886E-6D8F4C5A1221} = {D4F789C0-2823-44CC-A9FD-F6E32D0CDBED}
		{8EEE9716-0BD8-40C3-A72B-CAF2402634E8} = {9587BD6C-EDEF-4AC5-98C6-DA8D6C4001B5}
		{AD679D3D-A5F2-4940-8409-CB736A42B562} = {46521DA0-AF18-47BA-93E2-03F1B0402D87}
		{E1BE42FD-F6DD-4523-91BB-C8EB7C36D66F} = {36729B26-141D-40A0-88C9-00DBBB508BBC}
		{B1642994-8D56-4D04-B2C5-A2BA9C29206B} = {E1BE42FD-F6DD-4523-91BB-C8EB7C36D66F}
		{E9C77F47-B195-4C28-BF3D-B673A0E698AB} = {E1BE42FD-F6DD-4523-91BB-C8EB7C36D66F}
		{B857D9C5-B36F-4A40-8602-3B581B469BFF} = {B944A01B-E84D-484E-96A2-29FA329EED2D}
		{EAD76E02-8FE0-4E56-8536-8AE1AD205956} = {B857D9C5-B36F-4A40-8602-3B581B469BFF}
	EndGlobalSection
	GlobalSection(ExtensibilityGlobals) = postSolution
		SolutionGuid = {0E5CF642-1F93-4917-BB9A-655FFEC4E58E}
	EndGlobalSection
EndGlobal
