
Microsoft Visual Studio Solution File, Format Version 12.00
# Visual Studio Version 16
VisualStudioVersion = 16.0.30310.162
MinimumVisualStudioVersion = 10.0.40219.1
Project("{2150E333-8FDC-42A3-9474-1A3956D46DE8}") = "src", "src", "{B944A01B-E84D-484E-96A2-29FA329EED2D}"
EndProject
Project("{2150E333-8FDC-42A3-9474-1A3956D46DE8}") = "Services", "Services", "{25AA4DE6-F28D-458B-BBBA-F21AE6C2C2A8}"
EndProject
Project("{2150E333-8FDC-42A3-9474-1A3956D46DE8}") = "Customer", "Customer", "{36729B26-141D-40A0-88C9-00DBBB508BBC}"
EndProject
Project("{2150E333-8FDC-42A3-9474-1A3956D46DE8}") = "Restaurant", "Restaurant", "{46521DA0-AF18-47BA-93E2-03F1B0402D87}"
EndProject
Project("{2150E333-8FDC-42A3-9474-1A3956D46DE8}") = "Ordering", "Ordering", "{9587BD6C-EDEF-4AC5-98C6-DA8D6C4001B5}"
EndProject
Project("{2150E333-8FDC-42A3-9474-1A3956D46DE8}") = "Kitchen", "Kitchen", "{D4F789C0-2823-44CC-A9FD-F6E32D0CDBED}"
EndProject
Project("{9A19103F-16F7-4668-BE54-9A1E7A4F7556}") = "Customer.API", "Services\Customer\Customer.API\Customer.API.csproj", "{7E7931A4-59AB-4D09-BB20-C579F8B389A4}"
EndProject
Project("{9A19103F-16F7-4668-BE54-9A1E7A4F7556}") = "Kitchen.API", "Services\Kitchen\Kitchen.API\Kitchen.API.csproj", "{757B55F0-952B-457D-886E-6D8F4C5A1221}"
EndProject
Project("{9A19103F-16F7-4668-BE54-9A1E7A4F7556}") = "Ordering.API", "Services\Ordering\Ordering.API\Ordering.API.csproj", "{8EEE9716-0BD8-40C3-A72B-CAF2402634E8}"
EndProject
Project("{9A19103F-16F7-4668-BE54-9A1E7A4F7556}") = "Restaurant.API", "Services\Restaurant\Restaurant.API\Restaurant.API.csproj", "{AD679D3D-A5F2-4940-8409-CB736A42B562}"
EndProject
Project("{2150E333-8FDC-42A3-9474-1A3956D46DE8}") = "Tests", "Tests", "{E1BE42FD-F6DD-4523-91BB-C8EB7C36D66F}"
EndProject
Project("{9A19103F-16F7-4668-BE54-9A1E7A4F7556}") = "Customer.FunctionalTests", "Services\Customer\Customer.FunctionalTests\Customer.FunctionalTests.csproj", "{B1642994-8D56-4D04-B2C5-A2BA9C29206B}"
EndProject
Project("{9A19103F-16F7-4668-BE54-9A1E7A4F7556}") = "Customer.UnitTest", "Services\Customer\Customer.UnitTest\Customer.UnitTest.csproj", "{E9C77F47-B195-4C28-BF3D-B673A0E698AB}"
EndProject
Project("{2150E333-8FDC-42A3-9474-1A3956D46DE8}") = "BuildingBlocks", "BuildingBlocks", "{B857D9C5-B36F-4A40-8602-3B581B469BFF}"
EndProject
Project("{9A19103F-16F7-4668-BE54-9A1E7A4F7556}") = "WebHostCustomization", "BuildingBlocks\WebHostCustomization\WebHostCustomization\WebHostCustomization.csproj", "{EAD76E02-8FE0-4E56-8536-8AE1AD205956}"
EndProject
Project("{2150E333-8FDC-42A3-9474-1A3956D46DE8}") = "Solution Items", "Solution Items", "{3249E017-A42C-45AC-A688-EC607BE56504}"
	ProjectSection(SolutionItems) = preProject
		Readme.md = Readme.md
	EndProjectSection
EndProject
Project("{E53339B2-1760-4266-BCC7-CA923CBCF16C}") = "docker-compose", "docker-compose.dcproj", "{12610F13-2A70-4FE9-AFDA-703DFE45F593}"
EndProject
Project("{2150E333-8FDC-42A3-9474-1A3956D46DE8}") = "Test", "Test", "{FAB949E3-FE92-4AE7-9495-AB83CF74CB21}"
EndProject
Project("{9A19103F-16F7-4668-BE54-9A1E7A4F7556}") = "Kitchen.FunctionalTests", "Services\Kitchen\Kitchen.FunctionalTests\Kitchen.FunctionalTests.csproj", "{EBEB0F07-75A4-4015-B51A-C97B80BDA987}"
EndProject
Project("{9A19103F-16F7-4668-BE54-9A1E7A4F7556}") = "Kitchen.UnitTest", "Services\Kitchen\Kitchen.UnitTest\Kitchen.UnitTest.csproj", "{0A9F427E-AA43-4B5A-8E7B-B4D111EE5F15}"
EndProject
Project("{2150E333-8FDC-42A3-9474-1A3956D46DE8}") = "Test", "Test", "{83C332A0-2566-4AC9-BDF7-BF4A052A23B0}"
EndProject
Project("{2150E333-8FDC-42A3-9474-1A3956D46DE8}") = "Test", "Test", "{5B06D18E-E1A3-4E0F-B910-D7F394B63E2B}"
EndProject
Project("{9A19103F-16F7-4668-BE54-9A1E7A4F7556}") = "Ordering.FunctionalTests", "Services\Ordering\Ordering.FunctionalTests\Ordering.FunctionalTests.csproj", "{BCC6FAEF-73CB-46F4-9352-1AD14DA04B22}"
EndProject
Project("{9A19103F-16F7-4668-BE54-9A1E7A4F7556}") = "Ordering.UnitTest", "Services\Ordering\Ordering.UnitTest\Ordering.UnitTest.csproj", "{2BD580D0-DD9A-431F-A7AD-1985F62D5270}"
EndProject
Project("{9A19103F-16F7-4668-BE54-9A1E7A4F7556}") = "Restaurant.FunctionalTests", "Services\Restaurant\Restaurant.FunctionalTests\Restaurant.FunctionalTests.csproj", "{38563891-F577-4572-99E9-003B9D7D900E}"
EndProject
Project("{9A19103F-16F7-4668-BE54-9A1E7A4F7556}") = "Restaurant.UnitTest", "Services\Restaurant\Restaurant.UnitTest\Restaurant.UnitTest.csproj", "{629810EF-3ECE-4F42-9608-93F220863575}"
EndProject
Project("{2150E333-8FDC-42A3-9474-1A3956D46DE8}") = "config-server", "config-server", "{573DD817-6911-4B7A-9FF3-E1533067B0A5}"
	ProjectSection(SolutionItems) = preProject
		config-server\application.yml = config-server\application.yml
	EndProjectSection
EndProject
Project("{2150E333-8FDC-42A3-9474-1A3956D46DE8}") = "UI", "UI", "{BD20D7C5-569F-4C18-8275-B448CA41B28F}"
EndProject
Project("{9A19103F-16F7-4668-BE54-9A1E7A4F7556}") = "MyBlazorUI", "UI\MyBlazorUI\MyBlazorUI.csproj", "{49B53C0F-A51D-4690-854F-63F4A634BC0B}"
EndProject
Project("{2150E333-8FDC-42A3-9474-1A3956D46DE8}") = "Notifications", "Notifications", "{DB19FC1F-75BC-45C3-A5A9-EB80E861C34F}"
EndProject
Project("{9A19103F-16F7-4668-BE54-9A1E7A4F7556}") = "NotificationFunctions", "Services\Notifications\NotificationFunctions\NotificationFunctions.csproj", "{21513F7E-C7F1-473F-A3C3-210F0D32E0AD}"
EndProject
Global
	GlobalSection(SolutionConfigurationPlatforms) = preSolution
		Debug|Any CPU = Debug|Any CPU
		Release|Any CPU = Release|Any CPU
	EndGlobalSection
	GlobalSection(ProjectConfigurationPlatforms) = postSolution
		{7E7931A4-59AB-4D09-BB20-C579F8B389A4}.Debug|Any CPU.ActiveCfg = Debug|Any CPU
		{7E7931A4-59AB-4D09-BB20-C579F8B389A4}.Debug|Any CPU.Build.0 = Debug|Any CPU
		{7E7931A4-59AB-4D09-BB20-C579F8B389A4}.Release|Any CPU.ActiveCfg = Release|Any CPU
		{7E7931A4-59AB-4D09-BB20-C579F8B389A4}.Release|Any CPU.Build.0 = Release|Any CPU
		{757B55F0-952B-457D-886E-6D8F4C5A1221}.Debug|Any CPU.ActiveCfg = Debug|Any CPU
		{757B55F0-952B-457D-886E-6D8F4C5A1221}.Debug|Any CPU.Build.0 = Debug|Any CPU
		{757B55F0-952B-457D-886E-6D8F4C5A1221}.Release|Any CPU.ActiveCfg = Release|Any CPU
		{757B55F0-952B-457D-886E-6D8F4C5A1221}.Release|Any CPU.Build.0 = Release|Any CPU
		{8EEE9716-0BD8-40C3-A72B-CAF2402634E8}.Debug|Any CPU.ActiveCfg = Debug|Any CPU
		{8EEE9716-0BD8-40C3-A72B-CAF2402634E8}.Debug|Any CPU.Build.0 = Debug|Any CPU
		{8EEE9716-0BD8-40C3-A72B-CAF2402634E8}.Release|Any CPU.ActiveCfg = Release|Any CPU
		{8EEE9716-0BD8-40C3-A72B-CAF2402634E8}.Release|Any CPU.Build.0 = Release|Any CPU
		{AD679D3D-A5F2-4940-8409-CB736A42B562}.Debug|Any CPU.ActiveCfg = Debug|Any CPU
		{AD679D3D-A5F2-4940-8409-CB736A42B562}.Debug|Any CPU.Build.0 = Debug|Any CPU
		{AD679D3D-A5F2-4940-8409-CB736A42B562}.Release|Any CPU.ActiveCfg = Release|Any CPU
		{AD679D3D-A5F2-4940-8409-CB736A42B562}.Release|Any CPU.Build.0 = Release|Any CPU
		{B1642994-8D56-4D04-B2C5-A2BA9C29206B}.Debug|Any CPU.ActiveCfg = Debug|Any CPU
		{B1642994-8D56-4D04-B2C5-A2BA9C29206B}.Debug|Any CPU.Build.0 = Debug|Any CPU
		{B1642994-8D56-4D04-B2C5-A2BA9C29206B}.Release|Any CPU.ActiveCfg = Release|Any CPU
		{B1642994-8D56-4D04-B2C5-A2BA9C29206B}.Release|Any CPU.Build.0 = Release|Any CPU
		{E9C77F47-B195-4C28-BF3D-B673A0E698AB}.Debug|Any CPU.ActiveCfg = Debug|Any CPU
		{E9C77F47-B195-4C28-BF3D-B673A0E698AB}.Debug|Any CPU.Build.0 = Debug|Any CPU
		{E9C77F47-B195-4C28-BF3D-B673A0E698AB}.Release|Any CPU.ActiveCfg = Release|Any CPU
		{E9C77F47-B195-4C28-BF3D-B673A0E698AB}.Release|Any CPU.Build.0 = Release|Any CPU
		{EAD76E02-8FE0-4E56-8536-8AE1AD205956}.Debug|Any CPU.ActiveCfg = Debug|Any CPU
		{EAD76E02-8FE0-4E56-8536-8AE1AD205956}.Debug|Any CPU.Build.0 = Debug|Any CPU
		{EAD76E02-8FE0-4E56-8536-8AE1AD205956}.Release|Any CPU.ActiveCfg = Release|Any CPU
		{EAD76E02-8FE0-4E56-8536-8AE1AD205956}.Release|Any CPU.Build.0 = Release|Any CPU
		{12610F13-2A70-4FE9-AFDA-703DFE45F593}.Debug|Any CPU.ActiveCfg = Debug|Any CPU
		{12610F13-2A70-4FE9-AFDA-703DFE45F593}.Debug|Any CPU.Build.0 = Debug|Any CPU
		{12610F13-2A70-4FE9-AFDA-703DFE45F593}.Release|Any CPU.ActiveCfg = Release|Any CPU
		{12610F13-2A70-4FE9-AFDA-703DFE45F593}.Release|Any CPU.Build.0 = Release|Any CPU
		{EBEB0F07-75A4-4015-B51A-C97B80BDA987}.Debug|Any CPU.ActiveCfg = Debug|Any CPU
		{EBEB0F07-75A4-4015-B51A-C97B80BDA987}.Debug|Any CPU.Build.0 = Debug|Any CPU
		{EBEB0F07-75A4-4015-B51A-C97B80BDA987}.Release|Any CPU.ActiveCfg = Release|Any CPU
		{EBEB0F07-75A4-4015-B51A-C97B80BDA987}.Release|Any CPU.Build.0 = Release|Any CPU
		{0A9F427E-AA43-4B5A-8E7B-B4D111EE5F15}.Debug|Any CPU.ActiveCfg = Debug|Any CPU
		{0A9F427E-AA43-4B5A-8E7B-B4D111EE5F15}.Debug|Any CPU.Build.0 = Debug|Any CPU
		{0A9F427E-AA43-4B5A-8E7B-B4D111EE5F15}.Release|Any CPU.ActiveCfg = Release|Any CPU
		{0A9F427E-AA43-4B5A-8E7B-B4D111EE5F15}.Release|Any CPU.Build.0 = Release|Any CPU
		{BCC6FAEF-73CB-46F4-9352-1AD14DA04B22}.Debug|Any CPU.ActiveCfg = Debug|Any CPU
		{BCC6FAEF-73CB-46F4-9352-1AD14DA04B22}.Debug|Any CPU.Build.0 = Debug|Any CPU
		{BCC6FAEF-73CB-46F4-9352-1AD14DA04B22}.Release|Any CPU.ActiveCfg = Release|Any CPU
		{BCC6FAEF-73CB-46F4-9352-1AD14DA04B22}.Release|Any CPU.Build.0 = Release|Any CPU
		{2BD580D0-DD9A-431F-A7AD-1985F62D5270}.Debug|Any CPU.ActiveCfg = Debug|Any CPU
		{2BD580D0-DD9A-431F-A7AD-1985F62D5270}.Debug|Any CPU.Build.0 = Debug|Any CPU
		{2BD580D0-DD9A-431F-A7AD-1985F62D5270}.Release|Any CPU.ActiveCfg = Release|Any CPU
		{2BD580D0-DD9A-431F-A7AD-1985F62D5270}.Release|Any CPU.Build.0 = Release|Any CPU
		{38563891-F577-4572-99E9-003B9D7D900E}.Debug|Any CPU.ActiveCfg = Debug|Any CPU
		{38563891-F577-4572-99E9-003B9D7D900E}.Debug|Any CPU.Build.0 = Debug|Any CPU
		{38563891-F577-4572-99E9-003B9D7D900E}.Release|Any CPU.ActiveCfg = Release|Any CPU
		{38563891-F577-4572-99E9-003B9D7D900E}.Release|Any CPU.Build.0 = Release|Any CPU
		{629810EF-3ECE-4F42-9608-93F220863575}.Debug|Any CPU.ActiveCfg = Debug|Any CPU
		{629810EF-3ECE-4F42-9608-93F220863575}.Debug|Any CPU.Build.0 = Debug|Any CPU
		{629810EF-3ECE-4F42-9608-93F220863575}.Release|Any CPU.ActiveCfg = Release|Any CPU
		{629810EF-3ECE-4F42-9608-93F220863575}.Release|Any CPU.Build.0 = Release|Any CPU
		{49B53C0F-A51D-4690-854F-63F4A634BC0B}.Debug|Any CPU.ActiveCfg = Debug|Any CPU
		{49B53C0F-A51D-4690-854F-63F4A634BC0B}.Debug|Any CPU.Build.0 = Debug|Any CPU
		{49B53C0F-A51D-4690-854F-63F4A634BC0B}.Release|Any CPU.ActiveCfg = Release|Any CPU
		{49B53C0F-A51D-4690-854F-63F4A634BC0B}.Release|Any CPU.Build.0 = Release|Any CPU
		{21513F7E-C7F1-473F-A3C3-210F0D32E0AD}.Debug|Any CPU.ActiveCfg = Debug|Any CPU
		{21513F7E-C7F1-473F-A3C3-210F0D32E0AD}.Debug|Any CPU.Build.0 = Debug|Any CPU
		{21513F7E-C7F1-473F-A3C3-210F0D32E0AD}.Release|Any CPU.ActiveCfg = Release|Any CPU
		{21513F7E-C7F1-473F-A3C3-210F0D32E0AD}.Release|Any CPU.Build.0 = Release|Any CPU
	EndGlobalSection
	GlobalSection(SolutionProperties) = preSolution
		HideSolutionNode = FALSE
	EndGlobalSection
	GlobalSection(NestedProjects) = preSolution
		{25AA4DE6-F28D-458B-BBBA-F21AE6C2C2A8} = {B944A01B-E84D-484E-96A2-29FA329EED2D}
		{36729B26-141D-40A0-88C9-00DBBB508BBC} = {25AA4DE6-F28D-458B-BBBA-F21AE6C2C2A8}
		{46521DA0-AF18-47BA-93E2-03F1B0402D87} = {25AA4DE6-F28D-458B-BBBA-F21AE6C2C2A8}
		{9587BD6C-EDEF-4AC5-98C6-DA8D6C4001B5} = {25AA4DE6-F28D-458B-BBBA-F21AE6C2C2A8}
		{D4F789C0-2823-44CC-A9FD-F6E32D0CDBED} = {25AA4DE6-F28D-458B-BBBA-F21AE6C2C2A8}
		{7E7931A4-59AB-4D09-BB20-C579F8B389A4} = {36729B26-141D-40A0-88C9-00DBBB508BBC}
		{757B55F0-952B-457D-886E-6D8F4C5A1221} = {D4F789C0-2823-44CC-A9FD-F6E32D0CDBED}
		{8EEE9716-0BD8-40C3-A72B-CAF2402634E8} = {9587BD6C-EDEF-4AC5-98C6-DA8D6C4001B5}
		{AD679D3D-A5F2-4940-8409-CB736A42B562} = {46521DA0-AF18-47BA-93E2-03F1B0402D87}
		{E1BE42FD-F6DD-4523-91BB-C8EB7C36D66F} = {36729B26-141D-40A0-88C9-00DBBB508BBC}
		{B1642994-8D56-4D04-B2C5-A2BA9C29206B} = {E1BE42FD-F6DD-4523-91BB-C8EB7C36D66F}
		{E9C77F47-B195-4C28-BF3D-B673A0E698AB} = {E1BE42FD-F6DD-4523-91BB-C8EB7C36D66F}
		{B857D9C5-B36F-4A40-8602-3B581B469BFF} = {B944A01B-E84D-484E-96A2-29FA329EED2D}
		{EAD76E02-8FE0-4E56-8536-8AE1AD205956} = {B857D9C5-B36F-4A40-8602-3B581B469BFF}
		{FAB949E3-FE92-4AE7-9495-AB83CF74CB21} = {D4F789C0-2823-44CC-A9FD-F6E32D0CDBED}
		{EBEB0F07-75A4-4015-B51A-C97B80BDA987} = {FAB949E3-FE92-4AE7-9495-AB83CF74CB21}
		{0A9F427E-AA43-4B5A-8E7B-B4D111EE5F15} = {FAB949E3-FE92-4AE7-9495-AB83CF74CB21}
		{83C332A0-2566-4AC9-BDF7-BF4A052A23B0} = {9587BD6C-EDEF-4AC5-98C6-DA8D6C4001B5}
		{5B06D18E-E1A3-4E0F-B910-D7F394B63E2B} = {46521DA0-AF18-47BA-93E2-03F1B0402D87}
		{BCC6FAEF-73CB-46F4-9352-1AD14DA04B22} = {83C332A0-2566-4AC9-BDF7-BF4A052A23B0}
		{2BD580D0-DD9A-431F-A7AD-1985F62D5270} = {83C332A0-2566-4AC9-BDF7-BF4A052A23B0}
		{38563891-F577-4572-99E9-003B9D7D900E} = {5B06D18E-E1A3-4E0F-B910-D7F394B63E2B}
		{629810EF-3ECE-4F42-9608-93F220863575} = {5B06D18E-E1A3-4E0F-B910-D7F394B63E2B}
		{573DD817-6911-4B7A-9FF3-E1533067B0A5} = {B944A01B-E84D-484E-96A2-29FA329EED2D}
		{BD20D7C5-569F-4C18-8275-B448CA41B28F} = {B944A01B-E84D-484E-96A2-29FA329EED2D}
		{49B53C0F-A51D-4690-854F-63F4A634BC0B} = {BD20D7C5-569F-4C18-8275-B448CA41B28F}
		{DB19FC1F-75BC-45C3-A5A9-EB80E861C34F} = {25AA4DE6-F28D-458B-BBBA-F21AE6C2C2A8}
		{21513F7E-C7F1-473F-A3C3-210F0D32E0AD} = {DB19FC1F-75BC-45C3-A5A9-EB80E861C34F}
	EndGlobalSection
	GlobalSection(ExtensibilityGlobals) = postSolution
		SolutionGuid = {0E5CF642-1F93-4917-BB9A-655FFEC4E58E}
	EndGlobalSection
EndGlobal
